
Microsoft Visual Studio Solution File, Format Version 12.00
# Visual Studio Version 17
VisualStudioVersion = 17.11.35327.3
MinimumVisualStudioVersion = 10.0.40219.1
Project("{9A19103F-16F7-4668-BE54-9A1E7A4F7556}") = "ExtensioLab", "ExtensioLab\ExtensioLab.csproj", "{207C5F17-AC6E-4E9E-8AC2-C4BF4C969396}"
EndProject
Global
	GlobalSection(SolutionConfigurationPlatforms) = preSolution
		Debug|Any CPU = Debug|Any CPU
		Release|Any CPU = Release|Any CPU
	EndGlobalSection
	GlobalSection(ProjectConfigurationPlatforms) = postSolution
		{207C5F17-AC6E-4E9E-8AC2-C4BF4C969396}.Debug|Any CPU.ActiveCfg = Debug|Any CPU
		{207C5F17-AC6E-4E9E-8AC2-C4BF4C969396}.Debug|Any CPU.Build.0 = Debug|Any CPU
		{207C5F17-AC6E-4E9E-8AC2-C4BF4C969396}.Release|Any CPU.ActiveCfg = Release|Any CPU
		{207C5F17-AC6E-4E9E-8AC2-C4BF4C969396}.Release|Any CPU.Build.0 = Release|Any CPU
	EndGlobalSection
	GlobalSection(SolutionProperties) = preSolution
		HideSolutionNode = FALSE
	EndGlobalSection
	GlobalSection(ExtensibilityGlobals) = postSolution
		SolutionGuid = {B438FAA0-E26C-4212-8629-EEF14B398078}
	EndGlobalSection
EndGlobal
